
Microsoft Visual Studio Solution File, Format Version 12.00
# Visual Studio 15
VisualStudioVersion = 15.0.28307.421
MinimumVisualStudioVersion = 10.0.40219.1
Project("{FAE04EC0-301F-11D3-BF4B-00C04F79EFBC}") = "chapter19_2", "chapter19_2.csproj", "{81ABC3D5-1CB8-40E5-9C32-2680ED148882}"
EndProject
Global
	GlobalSection(SolutionConfigurationPlatforms) = preSolution
		Debug|Any CPU = Debug|Any CPU
		Release|Any CPU = Release|Any CPU
	EndGlobalSection
	GlobalSection(ProjectConfigurationPlatforms) = postSolution
		{81ABC3D5-1CB8-40E5-9C32-2680ED148882}.Debug|Any CPU.ActiveCfg = Debug|Any CPU
		{81ABC3D5-1CB8-40E5-9C32-2680ED148882}.Debug|Any CPU.Build.0 = Debug|Any CPU
		{81ABC3D5-1CB8-40E5-9C32-2680ED148882}.Release|Any CPU.ActiveCfg = Release|Any CPU
		{81ABC3D5-1CB8-40E5-9C32-2680ED148882}.Release|Any CPU.Build.0 = Release|Any CPU
	EndGlobalSection
	GlobalSection(SolutionProperties) = preSolution
		HideSolutionNode = FALSE
	EndGlobalSection
	GlobalSection(ExtensibilityGlobals) = postSolution
		SolutionGuid = {D4BFDFA9-DB58-44BD-B6E3-CC5377116D95}
	EndGlobalSection
EndGlobal
