
Microsoft Visual Studio Solution File, Format Version 12.00
# Visual Studio 15
VisualStudioVersion = 15.0.28307.421
MinimumVisualStudioVersion = 10.0.40219.1
Project("{FAE04EC0-301F-11D3-BF4B-00C04F79EFBC}") = "chapter27", "chapter27.csproj", "{14A2B5EE-FB0E-4CF9-9DE5-E2BB94BF2A9A}"
EndProject
Global
	GlobalSection(SolutionConfigurationPlatforms) = preSolution
		Debug|Any CPU = Debug|Any CPU
		Release|Any CPU = Release|Any CPU
	EndGlobalSection
	GlobalSection(ProjectConfigurationPlatforms) = postSolution
		{14A2B5EE-FB0E-4CF9-9DE5-E2BB94BF2A9A}.Debug|Any CPU.ActiveCfg = Debug|Any CPU
		{14A2B5EE-FB0E-4CF9-9DE5-E2BB94BF2A9A}.Debug|Any CPU.Build.0 = Debug|Any CPU
		{14A2B5EE-FB0E-4CF9-9DE5-E2BB94BF2A9A}.Release|Any CPU.ActiveCfg = Release|Any CPU
		{14A2B5EE-FB0E-4CF9-9DE5-E2BB94BF2A9A}.Release|Any CPU.Build.0 = Release|Any CPU
	EndGlobalSection
	GlobalSection(SolutionProperties) = preSolution
		HideSolutionNode = FALSE
	EndGlobalSection
	GlobalSection(ExtensibilityGlobals) = postSolution
		SolutionGuid = {C196D1DE-13CE-46AD-B527-3191EBE0321D}
	EndGlobalSection
EndGlobal
