
Microsoft Visual Studio Solution File, Format Version 12.00
# Visual Studio 15
VisualStudioVersion = 15.0.28307.421
MinimumVisualStudioVersion = 10.0.40219.1
Project("{FAE04EC0-301F-11D3-BF4B-00C04F79EFBC}") = "IgorButymov.Project2020", "IgorButymov.Project2020.csproj", "{6FFF6D9B-86DC-46DF-B095-49407E96FDFD}"
EndProject
Global
	GlobalSection(SolutionConfigurationPlatforms) = preSolution
		Debug|Any CPU = Debug|Any CPU
		Release|Any CPU = Release|Any CPU
	EndGlobalSection
	GlobalSection(ProjectConfigurationPlatforms) = postSolution
		{6FFF6D9B-86DC-46DF-B095-49407E96FDFD}.Debug|Any CPU.ActiveCfg = Debug|Any CPU
		{6FFF6D9B-86DC-46DF-B095-49407E96FDFD}.Debug|Any CPU.Build.0 = Debug|Any CPU
		{6FFF6D9B-86DC-46DF-B095-49407E96FDFD}.Release|Any CPU.ActiveCfg = Release|Any CPU
		{6FFF6D9B-86DC-46DF-B095-49407E96FDFD}.Release|Any CPU.Build.0 = Release|Any CPU
	EndGlobalSection
	GlobalSection(SolutionProperties) = preSolution
		HideSolutionNode = FALSE
	EndGlobalSection
	GlobalSection(ExtensibilityGlobals) = postSolution
		SolutionGuid = {A63D5BD5-E466-4AB1-8A51-2C24A247FBF1}
	EndGlobalSection
EndGlobal
