
Microsoft Visual Studio Solution File, Format Version 12.00
# Visual Studio 15
VisualStudioVersion = 15.0.28307.421
MinimumVisualStudioVersion = 10.0.40219.1
Project("{FAE04EC0-301F-11D3-BF4B-00C04F79EFBC}") = "Chapter2.2", "Chapter2.2\Chapter2.2.csproj", "{B81AA0B5-3F12-4D01-88B2-D85DA8F47DAD}"
EndProject
Global
	GlobalSection(SolutionConfigurationPlatforms) = preSolution
		Debug|Any CPU = Debug|Any CPU
		Release|Any CPU = Release|Any CPU
	EndGlobalSection
	GlobalSection(ProjectConfigurationPlatforms) = postSolution
		{B81AA0B5-3F12-4D01-88B2-D85DA8F47DAD}.Debug|Any CPU.ActiveCfg = Debug|Any CPU
		{B81AA0B5-3F12-4D01-88B2-D85DA8F47DAD}.Debug|Any CPU.Build.0 = Debug|Any CPU
		{B81AA0B5-3F12-4D01-88B2-D85DA8F47DAD}.Release|Any CPU.ActiveCfg = Release|Any CPU
		{B81AA0B5-3F12-4D01-88B2-D85DA8F47DAD}.Release|Any CPU.Build.0 = Release|Any CPU
	EndGlobalSection
	GlobalSection(SolutionProperties) = preSolution
		HideSolutionNode = FALSE
	EndGlobalSection
	GlobalSection(ExtensibilityGlobals) = postSolution
		SolutionGuid = {B96A50DB-2DA8-4F07-B252-06C0AA85BAC4}
	EndGlobalSection
EndGlobal
