
Microsoft Visual Studio Solution File, Format Version 12.00
# Visual Studio 15
VisualStudioVersion = 15.0.28307.421
MinimumVisualStudioVersion = 10.0.40219.1
Project("{FAE04EC0-301F-11D3-BF4B-00C04F79EFBC}") = "Chapter19", "Chapter19.csproj", "{D54CB565-2C6E-4841-A9E2-7601ED878B45}"
EndProject
Global
	GlobalSection(SolutionConfigurationPlatforms) = preSolution
		Debug|Any CPU = Debug|Any CPU
		Release|Any CPU = Release|Any CPU
	EndGlobalSection
	GlobalSection(ProjectConfigurationPlatforms) = postSolution
		{D54CB565-2C6E-4841-A9E2-7601ED878B45}.Debug|Any CPU.ActiveCfg = Debug|Any CPU
		{D54CB565-2C6E-4841-A9E2-7601ED878B45}.Debug|Any CPU.Build.0 = Debug|Any CPU
		{D54CB565-2C6E-4841-A9E2-7601ED878B45}.Release|Any CPU.ActiveCfg = Release|Any CPU
		{D54CB565-2C6E-4841-A9E2-7601ED878B45}.Release|Any CPU.Build.0 = Release|Any CPU
	EndGlobalSection
	GlobalSection(SolutionProperties) = preSolution
		HideSolutionNode = FALSE
	EndGlobalSection
	GlobalSection(ExtensibilityGlobals) = postSolution
		SolutionGuid = {F54224FC-B6D5-4735-82EC-A20B18335C09}
	EndGlobalSection
EndGlobal
