
Microsoft Visual Studio Solution File, Format Version 12.00
# Visual Studio 15
VisualStudioVersion = 15.0.28307.421
MinimumVisualStudioVersion = 10.0.40219.1
Project("{FAE04EC0-301F-11D3-BF4B-00C04F79EFBC}") = "chapter23", "chapter23.csproj", "{0DA853C7-D089-4958-8AC9-14210B52A559}"
EndProject
Global
	GlobalSection(SolutionConfigurationPlatforms) = preSolution
		Debug|Any CPU = Debug|Any CPU
		Release|Any CPU = Release|Any CPU
	EndGlobalSection
	GlobalSection(ProjectConfigurationPlatforms) = postSolution
		{0DA853C7-D089-4958-8AC9-14210B52A559}.Debug|Any CPU.ActiveCfg = Debug|Any CPU
		{0DA853C7-D089-4958-8AC9-14210B52A559}.Debug|Any CPU.Build.0 = Debug|Any CPU
		{0DA853C7-D089-4958-8AC9-14210B52A559}.Release|Any CPU.ActiveCfg = Release|Any CPU
		{0DA853C7-D089-4958-8AC9-14210B52A559}.Release|Any CPU.Build.0 = Release|Any CPU
	EndGlobalSection
	GlobalSection(SolutionProperties) = preSolution
		HideSolutionNode = FALSE
	EndGlobalSection
	GlobalSection(ExtensibilityGlobals) = postSolution
		SolutionGuid = {A1CB3020-BED2-46A8-AFB7-215B926B5D59}
	EndGlobalSection
EndGlobal
