
Microsoft Visual Studio Solution File, Format Version 12.00
# Visual Studio 15
VisualStudioVersion = 15.0.28307.421
MinimumVisualStudioVersion = 10.0.40219.1
Project("{FAE04EC0-301F-11D3-BF4B-00C04F79EFBC}") = "17.02", "17.02\17.02.csproj", "{7DF9FD0A-B47D-4282-8FFC-9C2CCEBBF443}"
EndProject
Global
	GlobalSection(SolutionConfigurationPlatforms) = preSolution
		Debug|Any CPU = Debug|Any CPU
		Release|Any CPU = Release|Any CPU
	EndGlobalSection
	GlobalSection(ProjectConfigurationPlatforms) = postSolution
		{7DF9FD0A-B47D-4282-8FFC-9C2CCEBBF443}.Debug|Any CPU.ActiveCfg = Debug|Any CPU
		{7DF9FD0A-B47D-4282-8FFC-9C2CCEBBF443}.Debug|Any CPU.Build.0 = Debug|Any CPU
		{7DF9FD0A-B47D-4282-8FFC-9C2CCEBBF443}.Release|Any CPU.ActiveCfg = Release|Any CPU
		{7DF9FD0A-B47D-4282-8FFC-9C2CCEBBF443}.Release|Any CPU.Build.0 = Release|Any CPU
	EndGlobalSection
	GlobalSection(SolutionProperties) = preSolution
		HideSolutionNode = FALSE
	EndGlobalSection
	GlobalSection(ExtensibilityGlobals) = postSolution
		SolutionGuid = {F7A9951F-0569-4767-AF68-5995EB79B2BD}
	EndGlobalSection
EndGlobal
